
Microsoft Visual Studio Solution File, Format Version 12.00
# Visual Studio Version 16
VisualStudioVersion = 16.0.810.19
MinimumVisualStudioVersion = 10.0.40219.1
Project("{FAE04EC0-301F-11D3-BF4B-00C04F79EFBC}") = "JRPGBattleSystem", "JRPGBattleSystem\JRPGBattleSystem.csproj", "{A41CB285-B8F2-41C8-AAA0-EFF76503B2F5}"
EndProject
Project("{FAE04EC0-301F-11D3-BF4B-00C04F79EFBC}") = "Tests", "Tests\Tests.csproj", "{0B1960E3-E4E6-4CBC-894A-5E1250802B2E}"
EndProject
Global
	GlobalSection(SolutionConfigurationPlatforms) = preSolution
		Debug|Any CPU = Debug|Any CPU
		Release|Any CPU = Release|Any CPU
	EndGlobalSection
	GlobalSection(ProjectConfigurationPlatforms) = postSolution
		{A41CB285-B8F2-41C8-AAA0-EFF76503B2F5}.Debug|Any CPU.ActiveCfg = Debug|Any CPU
		{A41CB285-B8F2-41C8-AAA0-EFF76503B2F5}.Debug|Any CPU.Build.0 = Debug|Any CPU
		{A41CB285-B8F2-41C8-AAA0-EFF76503B2F5}.Release|Any CPU.ActiveCfg = Release|Any CPU
		{A41CB285-B8F2-41C8-AAA0-EFF76503B2F5}.Release|Any CPU.Build.0 = Release|Any CPU
		{0B1960E3-E4E6-4CBC-894A-5E1250802B2E}.Debug|Any CPU.ActiveCfg = Debug|Any CPU
		{0B1960E3-E4E6-4CBC-894A-5E1250802B2E}.Debug|Any CPU.Build.0 = Debug|Any CPU
		{0B1960E3-E4E6-4CBC-894A-5E1250802B2E}.Release|Any CPU.ActiveCfg = Release|Any CPU
		{0B1960E3-E4E6-4CBC-894A-5E1250802B2E}.Release|Any CPU.Build.0 = Release|Any CPU
	EndGlobalSection
	GlobalSection(SolutionProperties) = preSolution
		HideSolutionNode = FALSE
	EndGlobalSection
	GlobalSection(ExtensibilityGlobals) = postSolution
		SolutionGuid = {4D94F2DA-0C65-465E-8FE1-D5A10D26AF8B}
	EndGlobalSection
EndGlobal
